
Microsoft Visual Studio Solution File, Format Version 12.00
# Visual Studio Version 17
VisualStudioVersion = 17.5.002.0
MinimumVisualStudioVersion = 10.0.40219.1
Project("{9A19103F-16F7-4668-BE54-9A1E7A4F7556}") = "CreekRiver", "CreekRiver.csproj", "{AADA637F-CE24-4C3A-80E2-FACE70C43C2A}"
EndProject
Global
	GlobalSection(SolutionConfigurationPlatforms) = preSolution
		Debug|Any CPU = Debug|Any CPU
		Release|Any CPU = Release|Any CPU
	EndGlobalSection
	GlobalSection(ProjectConfigurationPlatforms) = postSolution
		{AADA637F-CE24-4C3A-80E2-FACE70C43C2A}.Debug|Any CPU.ActiveCfg = Debug|Any CPU
		{AADA637F-CE24-4C3A-80E2-FACE70C43C2A}.Debug|Any CPU.Build.0 = Debug|Any CPU
		{AADA637F-CE24-4C3A-80E2-FACE70C43C2A}.Release|Any CPU.ActiveCfg = Release|Any CPU
		{AADA637F-CE24-4C3A-80E2-FACE70C43C2A}.Release|Any CPU.Build.0 = Release|Any CPU
	EndGlobalSection
	GlobalSection(SolutionProperties) = preSolution
		HideSolutionNode = FALSE
	EndGlobalSection
	GlobalSection(ExtensibilityGlobals) = postSolution
		SolutionGuid = {6A918180-53C2-48DD-8D34-73D760A5EE49}
	EndGlobalSection
EndGlobal
